// !$*UTF8*$!
{
	archiveVersion = 1;
	classes = {
	};
	objectVersion = 56;
	objects = {

/* Begin PBXBuildFile section */
		F266D0012BF276340055BEA3 /* SwiftStateMachineApp.swift in Sources */ = {isa = PBXBuildFile; fileRef = F266D0002BF276340055BEA3 /* SwiftStateMachineApp.swift */; };
		F266D0052BF276360055BEA3 /* Assets.xcassets in Resources */ = {isa = PBXBuildFile; fileRef = F266D0042BF276360055BEA3 /* Assets.xcassets */; };
		F266D0082BF276360055BEA3 /* Preview Assets.xcassets in Resources */ = {isa = PBXBuildFile; fileRef = F266D0072BF276360055BEA3 /* Preview Assets.xcassets */; };
		F266D0152BF278420055BEA3 /* MamaCookingTabView.swift in Sources */ = {isa = PBXBuildFile; fileRef = F266D0142BF278420055BEA3 /* MamaCookingTabView.swift */; };
		F266D0172BF278560055BEA3 /* HomeView.swift in Sources */ = {isa = PBXBuildFile; fileRef = F266D0162BF278560055BEA3 /* HomeView.swift */; };
		F266D0192BF278610055BEA3 /* RecipesView.swift in Sources */ = {isa = PBXBuildFile; fileRef = F266D0182BF278610055BEA3 /* RecipesView.swift */; };
		F266D01B2BF27BFA0055BEA3 /* HomeViewModel.swift in Sources */ = {isa = PBXBuildFile; fileRef = F266D01A2BF27BFA0055BEA3 /* HomeViewModel.swift */; };
		F266D0232BF27C5C0055BEA3 /* StateMachine.swift in Sources */ = {isa = PBXBuildFile; fileRef = F266D0222BF27C5C0055BEA3 /* StateMachine.swift */; };
		F266D0252BF27C6F0055BEA3 /* StateMachineProtocol.swift in Sources */ = {isa = PBXBuildFile; fileRef = F266D0242BF27C6F0055BEA3 /* StateMachineProtocol.swift */; };
		F266D0282BF2A0FF0055BEA3 /* Servers.swift in Sources */ = {isa = PBXBuildFile; fileRef = F266D0272BF2A0FF0055BEA3 /* Servers.swift */; };
		F266D02C2BF2A4B40055BEA3 /* ServedView.swift in Sources */ = {isa = PBXBuildFile; fileRef = F266D02B2BF2A4B40055BEA3 /* ServedView.swift */; };
		F266D0302BF2AA0A0055BEA3 /* Food.swift in Sources */ = {isa = PBXBuildFile; fileRef = F266D02F2BF2AA0A0055BEA3 /* Food.swift */; };
		F266D0322BF2AA150055BEA3 /* Ingredient.swift in Sources */ = {isa = PBXBuildFile; fileRef = F266D0312BF2AA150055BEA3 /* Ingredient.swift */; };
/* End PBXBuildFile section */

/* Begin PBXFileReference section */
		F266CFFD2BF276340055BEA3 /* SwiftStateMachine.app */ = {isa = PBXFileReference; explicitFileType = wrapper.application; includeInIndex = 0; path = SwiftStateMachine.app; sourceTree = BUILT_PRODUCTS_DIR; };
		F266D0002BF276340055BEA3 /* SwiftStateMachineApp.swift */ = {isa = PBXFileReference; lastKnownFileType = sourcecode.swift; path = SwiftStateMachineApp.swift; sourceTree = "<group>"; };
		F266D0042BF276360055BEA3 /* Assets.xcassets */ = {isa = PBXFileReference; lastKnownFileType = folder.assetcatalog; path = Assets.xcassets; sourceTree = "<group>"; };
		F266D0072BF276360055BEA3 /* Preview Assets.xcassets */ = {isa = PBXFileReference; lastKnownFileType = folder.assetcatalog; path = "Preview Assets.xcassets"; sourceTree = "<group>"; };
		F266D0142BF278420055BEA3 /* MamaCookingTabView.swift */ = {isa = PBXFileReference; lastKnownFileType = sourcecode.swift; path = MamaCookingTabView.swift; sourceTree = "<group>"; };
		F266D0162BF278560055BEA3 /* HomeView.swift */ = {isa = PBXFileReference; lastKnownFileType = sourcecode.swift; path = HomeView.swift; sourceTree = "<group>"; };
		F266D0182BF278610055BEA3 /* RecipesView.swift */ = {isa = PBXFileReference; lastKnownFileType = sourcecode.swift; path = RecipesView.swift; sourceTree = "<group>"; };
		F266D01A2BF27BFA0055BEA3 /* HomeViewModel.swift */ = {isa = PBXFileReference; lastKnownFileType = sourcecode.swift; path = HomeViewModel.swift; sourceTree = "<group>"; };
		F266D0222BF27C5C0055BEA3 /* StateMachine.swift */ = {isa = PBXFileReference; lastKnownFileType = sourcecode.swift; path = StateMachine.swift; sourceTree = "<group>"; };
		F266D0242BF27C6F0055BEA3 /* StateMachineProtocol.swift */ = {isa = PBXFileReference; lastKnownFileType = sourcecode.swift; path = StateMachineProtocol.swift; sourceTree = "<group>"; };
		F266D0272BF2A0FF0055BEA3 /* Servers.swift */ = {isa = PBXFileReference; lastKnownFileType = sourcecode.swift; path = Servers.swift; sourceTree = "<group>"; };
		F266D02B2BF2A4B40055BEA3 /* ServedView.swift */ = {isa = PBXFileReference; lastKnownFileType = sourcecode.swift; path = ServedView.swift; sourceTree = "<group>"; };
		F266D02F2BF2AA0A0055BEA3 /* Food.swift */ = {isa = PBXFileReference; lastKnownFileType = sourcecode.swift; path = Food.swift; sourceTree = "<group>"; };
		F266D0312BF2AA150055BEA3 /* Ingredient.swift */ = {isa = PBXFileReference; lastKnownFileType = sourcecode.swift; path = Ingredient.swift; sourceTree = "<group>"; };
/* End PBXFileReference section */

/* Begin PBXFrameworksBuildPhase section */
		F266CFFA2BF276340055BEA3 /* Frameworks */ = {
			isa = PBXFrameworksBuildPhase;
			buildActionMask = 2147483647;
			files = (
			);
			runOnlyForDeploymentPostprocessing = 0;
		};
/* End PBXFrameworksBuildPhase section */

/* Begin PBXGroup section */
		F266CFF42BF276340055BEA3 = {
			isa = PBXGroup;
			children = (
				F266CFFF2BF276340055BEA3 /* SwiftStateMachine */,
				F266CFFE2BF276340055BEA3 /* Products */,
			);
			sourceTree = "<group>";
		};
		F266CFFE2BF276340055BEA3 /* Products */ = {
			isa = PBXGroup;
			children = (
				F266CFFD2BF276340055BEA3 /* SwiftStateMachine.app */,
			);
			name = Products;
			sourceTree = "<group>";
		};
		F266CFFF2BF276340055BEA3 /* SwiftStateMachine */ = {
			isa = PBXGroup;
			children = (
				F266D02D2BF2A9F60055BEA3 /* Domain */,
				F266D00E2BF277F50055BEA3 /* Modules */,
				F266D0292BF2A2B60055BEA3 /* System */,
				F266D0042BF276360055BEA3 /* Assets.xcassets */,
				F266D0062BF276360055BEA3 /* Preview Content */,
			);
			path = SwiftStateMachine;
			sourceTree = "<group>";
		};
		F266D0062BF276360055BEA3 /* Preview Content */ = {
			isa = PBXGroup;
			children = (
				F266D0072BF276360055BEA3 /* Preview Assets.xcassets */,
			);
			path = "Preview Content";
			sourceTree = "<group>";
		};
		F266D00E2BF277F50055BEA3 /* Modules */ = {
			isa = PBXGroup;
			children = (
				F266D02A2BF2A4A30055BEA3 /* Served */,
				F266D0112BF2781E0055BEA3 /* Tab */,
				F266D0102BF278080055BEA3 /* Recipes */,
				F266D00F2BF278030055BEA3 /* Home */,
			);
			path = Modules;
			sourceTree = "<group>";
		};
		F266D00F2BF278030055BEA3 /* Home */ = {
			isa = PBXGroup;
			children = (
				F266D0162BF278560055BEA3 /* HomeView.swift */,
				F266D01A2BF27BFA0055BEA3 /* HomeViewModel.swift */,
			);
			path = Home;
			sourceTree = "<group>";
		};
		F266D0102BF278080055BEA3 /* Recipes */ = {
			isa = PBXGroup;
			children = (
				F266D0182BF278610055BEA3 /* RecipesView.swift */,
			);
			path = Recipes;
			sourceTree = "<group>";
		};
		F266D0112BF2781E0055BEA3 /* Tab */ = {
			isa = PBXGroup;
			children = (
				F266D0142BF278420055BEA3 /* MamaCookingTabView.swift */,
			);
			path = Tab;
			sourceTree = "<group>";
		};
		F266D01D2BF27C0B0055BEA3 /* StateMachine */ = {
			isa = PBXGroup;
			children = (
				F266D0222BF27C5C0055BEA3 /* StateMachine.swift */,
				F266D0242BF27C6F0055BEA3 /* StateMachineProtocol.swift */,
			);
			path = StateMachine;
			sourceTree = "<group>";
		};
		F266D0262BF2A0CF0055BEA3 /* Environments */ = {
			isa = PBXGroup;
			children = (
				F266D0272BF2A0FF0055BEA3 /* Servers.swift */,
			);
			path = Environments;
			sourceTree = "<group>";
		};
		F266D0292BF2A2B60055BEA3 /* System */ = {
			isa = PBXGroup;
			children = (
				F266D0002BF276340055BEA3 /* SwiftStateMachineApp.swift */,
			);
			path = System;
			sourceTree = "<group>";
		};
		F266D02A2BF2A4A30055BEA3 /* Served */ = {
			isa = PBXGroup;
			children = (
				F266D02B2BF2A4B40055BEA3 /* ServedView.swift */,
			);
			path = Served;
			sourceTree = "<group>";
		};
		F266D02D2BF2A9F60055BEA3 /* Domain */ = {
			isa = PBXGroup;
			children = (
				F266D0262BF2A0CF0055BEA3 /* Environments */,
				F266D01D2BF27C0B0055BEA3 /* StateMachine */,
				F266D02E2BF2AA020055BEA3 /* Entities */,
			);
			path = Domain;
			sourceTree = "<group>";
		};
		F266D02E2BF2AA020055BEA3 /* Entities */ = {
			isa = PBXGroup;
			children = (
				F266D02F2BF2AA0A0055BEA3 /* Food.swift */,
				F266D0312BF2AA150055BEA3 /* Ingredient.swift */,
			);
			path = Entities;
			sourceTree = "<group>";
		};
/* End PBXGroup section */

/* Begin PBXNativeTarget section */
		F266CFFC2BF276340055BEA3 /* SwiftStateMachine */ = {
			isa = PBXNativeTarget;
			buildConfigurationList = F266D00B2BF276360055BEA3 /* Build configuration list for PBXNativeTarget "SwiftStateMachine" */;
			buildPhases = (
				F266CFF92BF276340055BEA3 /* Sources */,
				F266CFFA2BF276340055BEA3 /* Frameworks */,
				F266CFFB2BF276340055BEA3 /* Resources */,
			);
			buildRules = (
			);
			dependencies = (
			);
			name = SwiftStateMachine;
			productName = SwiftStateMachine;
			productReference = F266CFFD2BF276340055BEA3 /* SwiftStateMachine.app */;
			productType = "com.apple.product-type.application";
		};
/* End PBXNativeTarget section */

/* Begin PBXProject section */
		F266CFF52BF276340055BEA3 /* Project object */ = {
			isa = PBXProject;
			attributes = {
				BuildIndependentTargetsInParallel = 1;
				LastSwiftUpdateCheck = 1530;
				LastUpgradeCheck = 1530;
				TargetAttributes = {
					F266CFFC2BF276340055BEA3 = {
						CreatedOnToolsVersion = 15.3;
					};
				};
			};
			buildConfigurationList = F266CFF82BF276340055BEA3 /* Build configuration list for PBXProject "SwiftStateMachine" */;
			compatibilityVersion = "Xcode 14.0";
			developmentRegion = en;
			hasScannedForEncodings = 0;
			knownRegions = (
				en,
				Base,
			);
			mainGroup = F266CFF42BF276340055BEA3;
			productRefGroup = F266CFFE2BF276340055BEA3 /* Products */;
			projectDirPath = "";
			projectRoot = "";
			targets = (
				F266CFFC2BF276340055BEA3 /* SwiftStateMachine */,
			);
		};
/* End PBXProject section */

/* Begin PBXResourcesBuildPhase section */
		F266CFFB2BF276340055BEA3 /* Resources */ = {
			isa = PBXResourcesBuildPhase;
			buildActionMask = 2147483647;
			files = (
				F266D0082BF276360055BEA3 /* Preview Assets.xcassets in Resources */,
				F266D0052BF276360055BEA3 /* Assets.xcassets in Resources */,
			);
			runOnlyForDeploymentPostprocessing = 0;
		};
/* End PBXResourcesBuildPhase section */

/* Begin PBXSourcesBuildPhase section */
		F266CFF92BF276340055BEA3 /* Sources */ = {
			isa = PBXSourcesBuildPhase;
			buildActionMask = 2147483647;
			files = (
				F266D0152BF278420055BEA3 /* MamaCookingTabView.swift in Sources */,
				F266D01B2BF27BFA0055BEA3 /* HomeViewModel.swift in Sources */,
				F266D02C2BF2A4B40055BEA3 /* ServedView.swift in Sources */,
				F266D0172BF278560055BEA3 /* HomeView.swift in Sources */,
				F266D0232BF27C5C0055BEA3 /* StateMachine.swift in Sources */,
				F266D0192BF278610055BEA3 /* RecipesView.swift in Sources */,
				F266D0252BF27C6F0055BEA3 /* StateMachineProtocol.swift in Sources */,
				F266D0302BF2AA0A0055BEA3 /* Food.swift in Sources */,
				F266D0282BF2A0FF0055BEA3 /* Servers.swift in Sources */,
				F266D0012BF276340055BEA3 /* SwiftStateMachineApp.swift in Sources */,
				F266D0322BF2AA150055BEA3 /* Ingredient.swift in Sources */,
			);
			runOnlyForDeploymentPostprocessing = 0;
		};
/* End PBXSourcesBuildPhase section */

/* Begin XCBuildConfiguration section */
		F266D0092BF276360055BEA3 /* Debug */ = {
			isa = XCBuildConfiguration;
			buildSettings = {
				ALWAYS_SEARCH_USER_PATHS = NO;
				ASSETCATALOG_COMPILER_GENERATE_SWIFT_ASSET_SYMBOL_EXTENSIONS = YES;
				CLANG_ANALYZER_NONNULL = YES;
				CLANG_ANALYZER_NUMBER_OBJECT_CONVERSION = YES_AGGRESSIVE;
				CLANG_CXX_LANGUAGE_STANDARD = "gnu++20";
				CLANG_ENABLE_MODULES = YES;
				CLANG_ENABLE_OBJC_ARC = YES;
				CLANG_ENABLE_OBJC_WEAK = YES;
				CLANG_WARN_BLOCK_CAPTURE_AUTORELEASING = YES;
				CLANG_WARN_BOOL_CONVERSION = YES;
				CLANG_WARN_COMMA = YES;
				CLANG_WARN_CONSTANT_CONVERSION = YES;
				CLANG_WARN_DEPRECATED_OBJC_IMPLEMENTATIONS = YES;
				CLANG_WARN_DIRECT_OBJC_ISA_USAGE = YES_ERROR;
				CLANG_WARN_DOCUMENTATION_COMMENTS = YES;
				CLANG_WARN_EMPTY_BODY = YES;
				CLANG_WARN_ENUM_CONVERSION = YES;
				CLANG_WARN_INFINITE_RECURSION = YES;
				CLANG_WARN_INT_CONVERSION = YES;
				CLANG_WARN_NON_LITERAL_NULL_CONVERSION = YES;
				CLANG_WARN_OBJC_IMPLICIT_RETAIN_SELF = YES;
				CLANG_WARN_OBJC_LITERAL_CONVERSION = YES;
				CLANG_WARN_OBJC_ROOT_CLASS = YES_ERROR;
				CLANG_WARN_QUOTED_INCLUDE_IN_FRAMEWORK_HEADER = YES;
				CLANG_WARN_RANGE_LOOP_ANALYSIS = YES;
				CLANG_WARN_STRICT_PROTOTYPES = YES;
				CLANG_WARN_SUSPICIOUS_MOVE = YES;
				CLANG_WARN_UNGUARDED_AVAILABILITY = YES_AGGRESSIVE;
				CLANG_WARN_UNREACHABLE_CODE = YES;
				CLANG_WARN__DUPLICATE_METHOD_MATCH = YES;
				COPY_PHASE_STRIP = NO;
				DEBUG_INFORMATION_FORMAT = dwarf;
				ENABLE_STRICT_OBJC_MSGSEND = YES;
				ENABLE_TESTABILITY = YES;
				ENABLE_USER_SCRIPT_SANDBOXING = YES;
				GCC_C_LANGUAGE_STANDARD = gnu17;
				GCC_DYNAMIC_NO_PIC = NO;
				GCC_NO_COMMON_BLOCKS = YES;
				GCC_OPTIMIZATION_LEVEL = 0;
				GCC_PREPROCESSOR_DEFINITIONS = (
					"DEBUG=1",
					"$(inherited)",
				);
				GCC_WARN_64_TO_32_BIT_CONVERSION = YES;
				GCC_WARN_ABOUT_RETURN_TYPE = YES_ERROR;
				GCC_WARN_UNDECLARED_SELECTOR = YES;
				GCC_WARN_UNINITIALIZED_AUTOS = YES_AGGRESSIVE;
				GCC_WARN_UNUSED_FUNCTION = YES;
				GCC_WARN_UNUSED_VARIABLE = YES;
				IPHONEOS_DEPLOYMENT_TARGET = 17.4;
				LOCALIZATION_PREFERS_STRING_CATALOGS = YES;
				MTL_ENABLE_DEBUG_INFO = INCLUDE_SOURCE;
				MTL_FAST_MATH = YES;
				ONLY_ACTIVE_ARCH = YES;
				SDKROOT = iphoneos;
				SWIFT_ACTIVE_COMPILATION_CONDITIONS = "DEBUG $(inherited)";
				SWIFT_OPTIMIZATION_LEVEL = "-Onone";
			};
			name = Debug;
		};
		F266D00A2BF276360055BEA3 /* Release */ = {
			isa = XCBuildConfiguration;
			buildSettings = {
				ALWAYS_SEARCH_USER_PATHS = NO;
				ASSETCATALOG_COMPILER_GENERATE_SWIFT_ASSET_SYMBOL_EXTENSIONS = YES;
				CLANG_ANALYZER_NONNULL = YES;
				CLANG_ANALYZER_NUMBER_OBJECT_CONVERSION = YES_AGGRESSIVE;
				CLANG_CXX_LANGUAGE_STANDARD = "gnu++20";
				CLANG_ENABLE_MODULES = YES;
				CLANG_ENABLE_OBJC_ARC = YES;
				CLANG_ENABLE_OBJC_WEAK = YES;
				CLANG_WARN_BLOCK_CAPTURE_AUTORELEASING = YES;
				CLANG_WARN_BOOL_CONVERSION = YES;
				CLANG_WARN_COMMA = YES;
				CLANG_WARN_CONSTANT_CONVERSION = YES;
				CLANG_WARN_DEPRECATED_OBJC_IMPLEMENTATIONS = YES;
				CLANG_WARN_DIRECT_OBJC_ISA_USAGE = YES_ERROR;
				CLANG_WARN_DOCUMENTATION_COMMENTS = YES;
				CLANG_WARN_EMPTY_BODY = YES;
				CLANG_WARN_ENUM_CONVERSION = YES;
				CLANG_WARN_INFINITE_RECURSION = YES;
				CLANG_WARN_INT_CONVERSION = YES;
				CLANG_WARN_NON_LITERAL_NULL_CONVERSION = YES;
				CLANG_WARN_OBJC_IMPLICIT_RETAIN_SELF = YES;
				CLANG_WARN_OBJC_LITERAL_CONVERSION = YES;
				CLANG_WARN_OBJC_ROOT_CLASS = YES_ERROR;
				CLANG_WARN_QUOTED_INCLUDE_IN_FRAMEWORK_HEADER = YES;
				CLANG_WARN_RANGE_LOOP_ANALYSIS = YES;
				CLANG_WARN_STRICT_PROTOTYPES = YES;
				CLANG_WARN_SUSPICIOUS_MOVE = YES;
				CLANG_WARN_UNGUARDED_AVAILABILITY = YES_AGGRESSIVE;
				CLANG_WARN_UNREACHABLE_CODE = YES;
				CLANG_WARN__DUPLICATE_METHOD_MATCH = YES;
				COPY_PHASE_STRIP = NO;
				DEBUG_INFORMATION_FORMAT = "dwarf-with-dsym";
				ENABLE_NS_ASSERTIONS = NO;
				ENABLE_STRICT_OBJC_MSGSEND = YES;
				ENABLE_USER_SCRIPT_SANDBOXING = YES;
				GCC_C_LANGUAGE_STANDARD = gnu17;
				GCC_NO_COMMON_BLOCKS = YES;
				GCC_WARN_64_TO_32_BIT_CONVERSION = YES;
				GCC_WARN_ABOUT_RETURN_TYPE = YES_ERROR;
				GCC_WARN_UNDECLARED_SELECTOR = YES;
				GCC_WARN_UNINITIALIZED_AUTOS = YES_AGGRESSIVE;
				GCC_WARN_UNUSED_FUNCTION = YES;
				GCC_WARN_UNUSED_VARIABLE = YES;
				IPHONEOS_DEPLOYMENT_TARGET = 17.4;
				LOCALIZATION_PREFERS_STRING_CATALOGS = YES;
				MTL_ENABLE_DEBUG_INFO = NO;
				MTL_FAST_MATH = YES;
				SDKROOT = iphoneos;
				SWIFT_COMPILATION_MODE = wholemodule;
				VALIDATE_PRODUCT = YES;
			};
			name = Release;
		};
		F266D00C2BF276360055BEA3 /* Debug */ = {
			isa = XCBuildConfiguration;
			buildSettings = {
				ASSETCATALOG_COMPILER_APPICON_NAME = AppIcon;
				ASSETCATALOG_COMPILER_GLOBAL_ACCENT_COLOR_NAME = AccentColor;
				CODE_SIGN_STYLE = Automatic;
				CURRENT_PROJECT_VERSION = 1;
				DEVELOPMENT_ASSET_PATHS = "\"SwiftStateMachine/Preview Content\"";
				DEVELOPMENT_TEAM = RMQNS23DVX;
				ENABLE_PREVIEWS = YES;
				GENERATE_INFOPLIST_FILE = YES;
				INFOPLIST_KEY_UIApplicationSceneManifest_Generation = YES;
				INFOPLIST_KEY_UIApplicationSupportsIndirectInputEvents = YES;
				INFOPLIST_KEY_UILaunchScreen_Generation = YES;
				INFOPLIST_KEY_UISupportedInterfaceOrientations_iPad = "UIInterfaceOrientationPortrait UIInterfaceOrientationPortraitUpsideDown UIInterfaceOrientationLandscapeLeft UIInterfaceOrientationLandscapeRight";
				INFOPLIST_KEY_UISupportedInterfaceOrientations_iPhone = "UIInterfaceOrientationPortrait UIInterfaceOrientationLandscapeLeft UIInterfaceOrientationLandscapeRight";
				LD_RUNPATH_SEARCH_PATHS = (
					"$(inherited)",
					"@executable_path/Frameworks",
				);
				MARKETING_VERSION = 1.0;
				PRODUCT_BUNDLE_IDENTIFIER = com.mike.SwiftStateMachine;
				PRODUCT_NAME = "$(TARGET_NAME)";
				SWIFT_EMIT_LOC_STRINGS = YES;
				SWIFT_VERSION = 5.0;
				TARGETED_DEVICE_FAMILY = "1,2";
			};
			name = Debug;
		};
		F266D00D2BF276360055BEA3 /* Release */ = {
			isa = XCBuildConfiguration;
			buildSettings = {
				ASSETCATALOG_COMPILER_APPICON_NAME = AppIcon;
				ASSETCATALOG_COMPILER_GLOBAL_ACCENT_COLOR_NAME = AccentColor;
				CODE_SIGN_STYLE = Automatic;
				CURRENT_PROJECT_VERSION = 1;
				DEVELOPMENT_ASSET_PATHS = "\"SwiftStateMachine/Preview Content\"";
				DEVELOPMENT_TEAM = RMQNS23DVX;
				ENABLE_PREVIEWS = YES;
				GENERATE_INFOPLIST_FILE = YES;
				INFOPLIST_KEY_UIApplicationSceneManifest_Generation = YES;
				INFOPLIST_KEY_UIApplicationSupportsIndirectInputEvents = YES;
				INFOPLIST_KEY_UILaunchScreen_Generation = YES;
				INFOPLIST_KEY_UISupportedInterfaceOrientations_iPad = "UIInterfaceOrientationPortrait UIInterfaceOrientationPortraitUpsideDown UIInterfaceOrientationLandscapeLeft UIInterfaceOrientationLandscapeRight";
				INFOPLIST_KEY_UISupportedInterfaceOrientations_iPhone = "UIInterfaceOrientationPortrait UIInterfaceOrientationLandscapeLeft UIInterfaceOrientationLandscapeRight";
				LD_RUNPATH_SEARCH_PATHS = (
					"$(inherited)",
					"@executable_path/Frameworks",
				);
				MARKETING_VERSION = 1.0;
				PRODUCT_BUNDLE_IDENTIFIER = com.mike.SwiftStateMachine;
				PRODUCT_NAME = "$(TARGET_NAME)";
				SWIFT_EMIT_LOC_STRINGS = YES;
				SWIFT_VERSION = 5.0;
				TARGETED_DEVICE_FAMILY = "1,2";
			};
			name = Release;
		};
/* End XCBuildConfiguration section */

/* Begin XCConfigurationList section */
		F266CFF82BF276340055BEA3 /* Build configuration list for PBXProject "SwiftStateMachine" */ = {
			isa = XCConfigurationList;
			buildConfigurations = (
				F266D0092BF276360055BEA3 /* Debug */,
				F266D00A2BF276360055BEA3 /* Release */,
			);
			defaultConfigurationIsVisible = 0;
			defaultConfigurationName = Release;
		};
		F266D00B2BF276360055BEA3 /* Build configuration list for PBXNativeTarget "SwiftStateMachine" */ = {
			isa = XCConfigurationList;
			buildConfigurations = (
				F266D00C2BF276360055BEA3 /* Debug */,
				F266D00D2BF276360055BEA3 /* Release */,
			);
			defaultConfigurationIsVisible = 0;
			defaultConfigurationName = Release;
		};
/* End XCConfigurationList section */
	};
	rootObject = F266CFF52BF276340055BEA3 /* Project object */;
}
